
Microsoft Visual Studio Solution File, Format Version 12.00
# Visual Studio Version 17
VisualStudioVersion = 17.9.34622.214
MinimumVisualStudioVersion = 10.0.40219.1
Project("{FAE04EC0-301F-11D3-BF4B-00C04F79EFBC}") = "SRP", "SRP\SRP.csproj", "{27E35E51-E76F-43AF-9ADA-3947269D41C0}"
EndProject
Project("{FAE04EC0-301F-11D3-BF4B-00C04F79EFBC}") = "SRPWeb", "SRPWeb\SRPWeb.csproj", "{4441B6E2-0B7A-4509-88A7-8AD0FDF214FB}"
EndProject
Project("{FAE04EC0-301F-11D3-BF4B-00C04F79EFBC}") = "OCP", "OCP\OCP.csproj", "{3DA39ADB-D11D-4B68-8EA6-33B439EE05DF}"
EndProject
Project("{2150E333-8FDC-42A3-9474-1A3956D46DE8}") = "Elementos de la solución", "Elementos de la solución", "{E8B3CBB6-D295-4543-A95E-CD426C66B1E9}"
	ProjectSection(SolutionItems) = preProject
		gitignore.txt = gitignore.txt
	EndProjectSection
EndProject
Global
	GlobalSection(SolutionConfigurationPlatforms) = preSolution
		Debug|Any CPU = Debug|Any CPU
		Release|Any CPU = Release|Any CPU
	EndGlobalSection
	GlobalSection(ProjectConfigurationPlatforms) = postSolution
		{27E35E51-E76F-43AF-9ADA-3947269D41C0}.Debug|Any CPU.ActiveCfg = Debug|Any CPU
		{27E35E51-E76F-43AF-9ADA-3947269D41C0}.Debug|Any CPU.Build.0 = Debug|Any CPU
		{27E35E51-E76F-43AF-9ADA-3947269D41C0}.Release|Any CPU.ActiveCfg = Release|Any CPU
		{27E35E51-E76F-43AF-9ADA-3947269D41C0}.Release|Any CPU.Build.0 = Release|Any CPU
		{4441B6E2-0B7A-4509-88A7-8AD0FDF214FB}.Debug|Any CPU.ActiveCfg = Debug|Any CPU
		{4441B6E2-0B7A-4509-88A7-8AD0FDF214FB}.Debug|Any CPU.Build.0 = Debug|Any CPU
		{4441B6E2-0B7A-4509-88A7-8AD0FDF214FB}.Release|Any CPU.ActiveCfg = Release|Any CPU
		{4441B6E2-0B7A-4509-88A7-8AD0FDF214FB}.Release|Any CPU.Build.0 = Release|Any CPU
		{3DA39ADB-D11D-4B68-8EA6-33B439EE05DF}.Debug|Any CPU.ActiveCfg = Debug|Any CPU
		{3DA39ADB-D11D-4B68-8EA6-33B439EE05DF}.Debug|Any CPU.Build.0 = Debug|Any CPU
		{3DA39ADB-D11D-4B68-8EA6-33B439EE05DF}.Release|Any CPU.ActiveCfg = Release|Any CPU
		{3DA39ADB-D11D-4B68-8EA6-33B439EE05DF}.Release|Any CPU.Build.0 = Release|Any CPU
	EndGlobalSection
	GlobalSection(SolutionProperties) = preSolution
		HideSolutionNode = FALSE
	EndGlobalSection
	GlobalSection(ExtensibilityGlobals) = postSolution
		SolutionGuid = {9C2014CF-8FFC-46C5-8E4F-8BFEE26B3C7F}
	EndGlobalSection
EndGlobal
